
Microsoft Visual Studio Solution File, Format Version 12.00
# Visual Studio Version 17
VisualStudioVersion = 17.11.35222.181
MinimumVisualStudioVersion = 10.0.40219.1
Project("{9A19103F-16F7-4668-BE54-9A1E7A4F7556}") = "DataModel", "DataModel\DataModel.csproj", "{0DF1F953-8A23-4BFA-B970-243B7CEBD3A6}"
EndProject
Project("{FAE04EC0-301F-11D3-BF4B-00C04F79EFBC}") = "Contracts", "Contracts\Contracts.csproj", "{38E3E50E-17BF-4A01-8FBC-B9872DE0F84B}"
EndProject
Global
	GlobalSection(SolutionConfigurationPlatforms) = preSolution
		Debug|Any CPU = Debug|Any CPU
		Release|Any CPU = Release|Any CPU
	EndGlobalSection
	GlobalSection(ProjectConfigurationPlatforms) = postSolution
		{0DF1F953-8A23-4BFA-B970-243B7CEBD3A6}.Debug|Any CPU.ActiveCfg = Debug|Any CPU
		{0DF1F953-8A23-4BFA-B970-243B7CEBD3A6}.Debug|Any CPU.Build.0 = Debug|Any CPU
		{0DF1F953-8A23-4BFA-B970-243B7CEBD3A6}.Release|Any CPU.ActiveCfg = Release|Any CPU
		{0DF1F953-8A23-4BFA-B970-243B7CEBD3A6}.Release|Any CPU.Build.0 = Release|Any CPU
		{38E3E50E-17BF-4A01-8FBC-B9872DE0F84B}.Debug|Any CPU.ActiveCfg = Debug|Any CPU
		{38E3E50E-17BF-4A01-8FBC-B9872DE0F84B}.Debug|Any CPU.Build.0 = Debug|Any CPU
		{38E3E50E-17BF-4A01-8FBC-B9872DE0F84B}.Release|Any CPU.ActiveCfg = Release|Any CPU
		{38E3E50E-17BF-4A01-8FBC-B9872DE0F84B}.Release|Any CPU.Build.0 = Release|Any CPU
	EndGlobalSection
	GlobalSection(SolutionProperties) = preSolution
		HideSolutionNode = FALSE
	EndGlobalSection
	GlobalSection(ExtensibilityGlobals) = postSolution
		SolutionGuid = {31F46561-8C39-43F4-9D71-D05A5BFC9CAE}
	EndGlobalSection
EndGlobal
